
Microsoft Visual Studio Solution File, Format Version 12.00
# Visual Studio Version 16
VisualStudioVersion = 16.0.29509.3
MinimumVisualStudioVersion = 10.0.40219.1
Project("{9A19103F-16F7-4668-BE54-9A1E7A4F7556}") = "Bakery", "Bakery\Bakery.csproj", "{DDB78B0A-7D77-4972-9A43-AE3A75090CF3}"
EndProject
Global
	GlobalSection(SolutionConfigurationPlatforms) = preSolution
		Debug|Any CPU = Debug|Any CPU
		Release|Any CPU = Release|Any CPU
	EndGlobalSection
	GlobalSection(ProjectConfigurationPlatforms) = postSolution
		{DDB78B0A-7D77-4972-9A43-AE3A75090CF3}.Debug|Any CPU.ActiveCfg = Debug|Any CPU
		{DDB78B0A-7D77-4972-9A43-AE3A75090CF3}.Debug|Any CPU.Build.0 = Debug|Any CPU
		{DDB78B0A-7D77-4972-9A43-AE3A75090CF3}.Release|Any CPU.ActiveCfg = Release|Any CPU
		{DDB78B0A-7D77-4972-9A43-AE3A75090CF3}.Release|Any CPU.Build.0 = Release|Any CPU
	EndGlobalSection
	GlobalSection(SolutionProperties) = preSolution
		HideSolutionNode = FALSE
	EndGlobalSection
	GlobalSection(ExtensibilityGlobals) = postSolution
		SolutionGuid = {CFB7B232-325C-4BB5-9AB1-230CBB4CEAFE}
	EndGlobalSection
EndGlobal
